{
  "name": "titan_backend",
  "version": "1.0.0",
  "lockfileVersion": 1,
  "requires": true,
  "dependencies": {
    "transactionmanager": {
      "version": "file:TransactionManager/transactionmanager-1.0.0.tgz",
      "integrity": "sha512-DK9+CIH+U6e/HfYbghWT6yUjfNov9umGMJ4HokuR2RRViTYNBRYl8xlxX1vAXUGr0AcqPyWo61mSDKx7jf33lw=="
    }
  }
}
